
Microsoft Visual Studio Solution File, Format Version 12.00
# Visual Studio Version 17
VisualStudioVersion = 17.3.32901.215
MinimumVisualStudioVersion = 10.0.40219.1
Project("{FAE04EC0-301F-11D3-BF4B-00C04F79EFBC}") = "Ejercicio1", "Prueba_tecnica\Ejercicio1.csproj", "{31ECB5EC-748C-47E6-BB8B-5B0AA64ECC24}"
EndProject
Project("{FAE04EC0-301F-11D3-BF4B-00C04F79EFBC}") = "Ejercicio2", "Ejercicio2\Ejercicio2.csproj", "{C4209FC0-FCC3-480E-8379-437BD88EE165}"
EndProject
Project("{FAE04EC0-301F-11D3-BF4B-00C04F79EFBC}") = "Ejercicio3", "Ejercicio3\Ejercicio3.csproj", "{A771C739-51C0-451A-9900-034173E41753}"
EndProject
Project("{FAE04EC0-301F-11D3-BF4B-00C04F79EFBC}") = "Ejercicio4", "Ejercicio4\Ejercicio4.csproj", "{8F553C1D-7327-4D6E-8AF9-C63769436BE2}"
EndProject
Project("{FAE04EC0-301F-11D3-BF4B-00C04F79EFBC}") = "Ejercicio5", "Ejercicio5\Ejercicio5.csproj", "{77181DEC-F3BE-4B06-844C-988E901D4BDD}"
EndProject
Global
	GlobalSection(SolutionConfigurationPlatforms) = preSolution
		Debug|Any CPU = Debug|Any CPU
		Release|Any CPU = Release|Any CPU
	EndGlobalSection
	GlobalSection(ProjectConfigurationPlatforms) = postSolution
		{31ECB5EC-748C-47E6-BB8B-5B0AA64ECC24}.Debug|Any CPU.ActiveCfg = Debug|Any CPU
		{31ECB5EC-748C-47E6-BB8B-5B0AA64ECC24}.Debug|Any CPU.Build.0 = Debug|Any CPU
		{31ECB5EC-748C-47E6-BB8B-5B0AA64ECC24}.Release|Any CPU.ActiveCfg = Release|Any CPU
		{31ECB5EC-748C-47E6-BB8B-5B0AA64ECC24}.Release|Any CPU.Build.0 = Release|Any CPU
		{C4209FC0-FCC3-480E-8379-437BD88EE165}.Debug|Any CPU.ActiveCfg = Debug|Any CPU
		{C4209FC0-FCC3-480E-8379-437BD88EE165}.Debug|Any CPU.Build.0 = Debug|Any CPU
		{C4209FC0-FCC3-480E-8379-437BD88EE165}.Release|Any CPU.ActiveCfg = Release|Any CPU
		{C4209FC0-FCC3-480E-8379-437BD88EE165}.Release|Any CPU.Build.0 = Release|Any CPU
		{A771C739-51C0-451A-9900-034173E41753}.Debug|Any CPU.ActiveCfg = Debug|Any CPU
		{A771C739-51C0-451A-9900-034173E41753}.Debug|Any CPU.Build.0 = Debug|Any CPU
		{A771C739-51C0-451A-9900-034173E41753}.Release|Any CPU.ActiveCfg = Release|Any CPU
		{A771C739-51C0-451A-9900-034173E41753}.Release|Any CPU.Build.0 = Release|Any CPU
		{8F553C1D-7327-4D6E-8AF9-C63769436BE2}.Debug|Any CPU.ActiveCfg = Debug|Any CPU
		{8F553C1D-7327-4D6E-8AF9-C63769436BE2}.Debug|Any CPU.Build.0 = Debug|Any CPU
		{8F553C1D-7327-4D6E-8AF9-C63769436BE2}.Release|Any CPU.ActiveCfg = Release|Any CPU
		{8F553C1D-7327-4D6E-8AF9-C63769436BE2}.Release|Any CPU.Build.0 = Release|Any CPU
		{77181DEC-F3BE-4B06-844C-988E901D4BDD}.Debug|Any CPU.ActiveCfg = Debug|Any CPU
		{77181DEC-F3BE-4B06-844C-988E901D4BDD}.Debug|Any CPU.Build.0 = Debug|Any CPU
		{77181DEC-F3BE-4B06-844C-988E901D4BDD}.Release|Any CPU.ActiveCfg = Release|Any CPU
		{77181DEC-F3BE-4B06-844C-988E901D4BDD}.Release|Any CPU.Build.0 = Release|Any CPU
	EndGlobalSection
	GlobalSection(SolutionProperties) = preSolution
		HideSolutionNode = FALSE
	EndGlobalSection
	GlobalSection(ExtensibilityGlobals) = postSolution
		SolutionGuid = {107CADD6-C616-4BC4-9DD3-7A3594F4FB14}
	EndGlobalSection
EndGlobal
